// !$*UTF8*$!
{
	archiveVersion = 1;
	classes = {
	};
	objectVersion = 46;
	objects = {

/* Begin PBXBuildFile section */
		C9C8B7F018FF0CC3008D8E03 /* MTZActionSheet.m in Sources */ = {isa = PBXBuildFile; fileRef = C9C8B7E918FF0CC3008D8E03 /* MTZActionSheet.m */; };
		C9C8B7F118FF0CC3008D8E03 /* MTZAlertView.m in Sources */ = {isa = PBXBuildFile; fileRef = C9C8B7EB18FF0CC3008D8E03 /* MTZAlertView.m */; };
		C9C8B7F218FF0CC3008D8E03 /* UIActionSheet+DelegateFix.m in Sources */ = {isa = PBXBuildFile; fileRef = C9C8B7ED18FF0CC3008D8E03 /* UIActionSheet+DelegateFix.m */; };
		C9C8B7F318FF0CC3008D8E03 /* UIAlertView+DelegateFix.m in Sources */ = {isa = PBXBuildFile; fileRef = C9C8B7EF18FF0CC3008D8E03 /* UIAlertView+DelegateFix.m */; };
		C9C8B7FD18FF0E00008D8E03 /* CGAspectRatio.m in Sources */ = {isa = PBXBuildFile; fileRef = C9C8B7F618FF0E00008D8E03 /* CGAspectRatio.m */; };
		C9C8B7FE18FF0E00008D8E03 /* CGRectManipulation.m in Sources */ = {isa = PBXBuildFile; fileRef = C9C8B7F818FF0E00008D8E03 /* CGRectManipulation.m */; };
		C9C8B7FF18FF0E00008D8E03 /* UIImage+AppropriateCrop.m in Sources */ = {isa = PBXBuildFile; fileRef = C9C8B7FA18FF0E00008D8E03 /* UIImage+AppropriateCrop.m */; };
		C9C8B80018FF0E00008D8E03 /* UIImage+Crop.m in Sources */ = {isa = PBXBuildFile; fileRef = C9C8B7FC18FF0E00008D8E03 /* UIImage+Crop.m */; };
		C9FD3B34186BA7FB0063FAB8 /* Foundation.framework in Frameworks */ = {isa = PBXBuildFile; fileRef = C9FD3B33186BA7FB0063FAB8 /* Foundation.framework */; };
		C9FD3B36186BA7FB0063FAB8 /* CoreGraphics.framework in Frameworks */ = {isa = PBXBuildFile; fileRef = C9FD3B35186BA7FB0063FAB8 /* CoreGraphics.framework */; };
		C9FD3B38186BA7FB0063FAB8 /* UIKit.framework in Frameworks */ = {isa = PBXBuildFile; fileRef = C9FD3B37186BA7FB0063FAB8 /* UIKit.framework */; };
		C9FD3B3E186BA7FB0063FAB8 /* InfoPlist.strings in Resources */ = {isa = PBXBuildFile; fileRef = C9FD3B3C186BA7FB0063FAB8 /* InfoPlist.strings */; };
		C9FD3B40186BA7FB0063FAB8 /* main.m in Sources */ = {isa = PBXBuildFile; fileRef = C9FD3B3F186BA7FB0063FAB8 /* main.m */; };
		C9FD3B44186BA7FB0063FAB8 /* MTZAppDelegate.m in Sources */ = {isa = PBXBuildFile; fileRef = C9FD3B43186BA7FB0063FAB8 /* MTZAppDelegate.m */; };
		C9FD3B47186BA7FB0063FAB8 /* Main_iPhone.storyboard in Resources */ = {isa = PBXBuildFile; fileRef = C9FD3B45186BA7FB0063FAB8 /* Main_iPhone.storyboard */; };
		C9FD3B4A186BA7FB0063FAB8 /* Main_iPad.storyboard in Resources */ = {isa = PBXBuildFile; fileRef = C9FD3B48186BA7FB0063FAB8 /* Main_iPad.storyboard */; };
		C9FD3B4D186BA7FB0063FAB8 /* MTZViewController.m in Sources */ = {isa = PBXBuildFile; fileRef = C9FD3B4C186BA7FB0063FAB8 /* MTZViewController.m */; };
		C9FD3B4F186BA7FB0063FAB8 /* Images.xcassets in Resources */ = {isa = PBXBuildFile; fileRef = C9FD3B4E186BA7FB0063FAB8 /* Images.xcassets */; };
		C9FD3B56186BA7FB0063FAB8 /* XCTest.framework in Frameworks */ = {isa = PBXBuildFile; fileRef = C9FD3B55186BA7FB0063FAB8 /* XCTest.framework */; };
		C9FD3B57186BA7FB0063FAB8 /* Foundation.framework in Frameworks */ = {isa = PBXBuildFile; fileRef = C9FD3B33186BA7FB0063FAB8 /* Foundation.framework */; };
		C9FD3B58186BA7FB0063FAB8 /* UIKit.framework in Frameworks */ = {isa = PBXBuildFile; fileRef = C9FD3B37186BA7FB0063FAB8 /* UIKit.framework */; };
		C9FD3B60186BA7FC0063FAB8 /* InfoPlist.strings in Resources */ = {isa = PBXBuildFile; fileRef = C9FD3B5E186BA7FC0063FAB8 /* InfoPlist.strings */; };
		C9FD3B62186BA7FC0063FAB8 /* PhotoThumbnailTests.m in Sources */ = {isa = PBXBuildFile; fileRef = C9FD3B61186BA7FC0063FAB8 /* PhotoThumbnailTests.m */; };
		C9FD3B83186C0D3E0063FAB8 /* ImageIO.framework in Frameworks */ = {isa = PBXBuildFile; fileRef = C9FD3B82186C0D3E0063FAB8 /* ImageIO.framework */; };
		C9FD3B8B186D13340063FAB8 /* CoreImage.framework in Frameworks */ = {isa = PBXBuildFile; fileRef = C9FD3B8A186D13340063FAB8 /* CoreImage.framework */; };
		C9FD3B8D186D13B00063FAB8 /* QuartzCore.framework in Frameworks */ = {isa = PBXBuildFile; fileRef = C9FD3B8C186D13B00063FAB8 /* QuartzCore.framework */; };
/* End PBXBuildFile section */

/* Begin PBXContainerItemProxy section */
		C9FD3B59186BA7FB0063FAB8 /* PBXContainerItemProxy */ = {
			isa = PBXContainerItemProxy;
			containerPortal = C9FD3B28186BA7FB0063FAB8 /* Project object */;
			proxyType = 1;
			remoteGlobalIDString = C9FD3B2F186BA7FB0063FAB8;
			remoteInfo = PhotoThumbnail;
		};
/* End PBXContainerItemProxy section */

/* Begin PBXFileReference section */
		C9C8B7E818FF0CC3008D8E03 /* MTZActionSheet.h */ = {isa = PBXFileReference; fileEncoding = 4; lastKnownFileType = sourcecode.c.h; path = MTZActionSheet.h; sourceTree = "<group>"; };
		C9C8B7E918FF0CC3008D8E03 /* MTZActionSheet.m */ = {isa = PBXFileReference; fileEncoding = 4; lastKnownFileType = sourcecode.c.objc; path = MTZActionSheet.m; sourceTree = "<group>"; };
		C9C8B7EA18FF0CC3008D8E03 /* MTZAlertView.h */ = {isa = PBXFileReference; fileEncoding = 4; lastKnownFileType = sourcecode.c.h; path = MTZAlertView.h; sourceTree = "<group>"; };
		C9C8B7EB18FF0CC3008D8E03 /* MTZAlertView.m */ = {isa = PBXFileReference; fileEncoding = 4; lastKnownFileType = sourcecode.c.objc; path = MTZAlertView.m; sourceTree = "<group>"; };
		C9C8B7EC18FF0CC3008D8E03 /* UIActionSheet+DelegateFix.h */ = {isa = PBXFileReference; fileEncoding = 4; lastKnownFileType = sourcecode.c.h; path = "UIActionSheet+DelegateFix.h"; sourceTree = "<group>"; };
		C9C8B7ED18FF0CC3008D8E03 /* UIActionSheet+DelegateFix.m */ = {isa = PBXFileReference; fileEncoding = 4; lastKnownFileType = sourcecode.c.objc; path = "UIActionSheet+DelegateFix.m"; sourceTree = "<group>"; };
		C9C8B7EE18FF0CC3008D8E03 /* UIAlertView+DelegateFix.h */ = {isa = PBXFileReference; fileEncoding = 4; lastKnownFileType = sourcecode.c.h; path = "UIAlertView+DelegateFix.h"; sourceTree = "<group>"; };
		C9C8B7EF18FF0CC3008D8E03 /* UIAlertView+DelegateFix.m */ = {isa = PBXFileReference; fileEncoding = 4; lastKnownFileType = sourcecode.c.objc; path = "UIAlertView+DelegateFix.m"; sourceTree = "<group>"; };
		C9C8B7F518FF0E00008D8E03 /* CGAspectRatio.h */ = {isa = PBXFileReference; fileEncoding = 4; lastKnownFileType = sourcecode.c.h; path = CGAspectRatio.h; sourceTree = "<group>"; };
		C9C8B7F618FF0E00008D8E03 /* CGAspectRatio.m */ = {isa = PBXFileReference; fileEncoding = 4; lastKnownFileType = sourcecode.c.objc; path = CGAspectRatio.m; sourceTree = "<group>"; };
		C9C8B7F718FF0E00008D8E03 /* CGRectManipulation.h */ = {isa = PBXFileReference; fileEncoding = 4; lastKnownFileType = sourcecode.c.h; path = CGRectManipulation.h; sourceTree = "<group>"; };
		C9C8B7F818FF0E00008D8E03 /* CGRectManipulation.m */ = {isa = PBXFileReference; fileEncoding = 4; lastKnownFileType = sourcecode.c.objc; path = CGRectManipulation.m; sourceTree = "<group>"; };
		C9C8B7F918FF0E00008D8E03 /* UIImage+AppropriateCrop.h */ = {isa = PBXFileReference; fileEncoding = 4; lastKnownFileType = sourcecode.c.h; path = "UIImage+AppropriateCrop.h"; sourceTree = "<group>"; };
		C9C8B7FA18FF0E00008D8E03 /* UIImage+AppropriateCrop.m */ = {isa = PBXFileReference; fileEncoding = 4; lastKnownFileType = sourcecode.c.objc; path = "UIImage+AppropriateCrop.m"; sourceTree = "<group>"; };
		C9C8B7FB18FF0E00008D8E03 /* UIImage+Crop.h */ = {isa = PBXFileReference; fileEncoding = 4; lastKnownFileType = sourcecode.c.h; path = "UIImage+Crop.h"; sourceTree = "<group>"; };
		C9C8B7FC18FF0E00008D8E03 /* UIImage+Crop.m */ = {isa = PBXFileReference; fileEncoding = 4; lastKnownFileType = sourcecode.c.objc; path = "UIImage+Crop.m"; sourceTree = "<group>"; };
		C9FD3B30186BA7FB0063FAB8 /* Photos.app */ = {isa = PBXFileReference; explicitFileType = wrapper.application; includeInIndex = 0; path = Photos.app; sourceTree = BUILT_PRODUCTS_DIR; };
		C9FD3B33186BA7FB0063FAB8 /* Foundation.framework */ = {isa = PBXFileReference; lastKnownFileType = wrapper.framework; name = Foundation.framework; path = System/Library/Frameworks/Foundation.framework; sourceTree = SDKROOT; };
		C9FD3B35186BA7FB0063FAB8 /* CoreGraphics.framework */ = {isa = PBXFileReference; lastKnownFileType = wrapper.framework; name = CoreGraphics.framework; path = System/Library/Frameworks/CoreGraphics.framework; sourceTree = SDKROOT; };
		C9FD3B37186BA7FB0063FAB8 /* UIKit.framework */ = {isa = PBXFileReference; lastKnownFileType = wrapper.framework; name = UIKit.framework; path = System/Library/Frameworks/UIKit.framework; sourceTree = SDKROOT; };
		C9FD3B3B186BA7FB0063FAB8 /* PhotoThumbnail-Info.plist */ = {isa = PBXFileReference; lastKnownFileType = text.plist.xml; path = "PhotoThumbnail-Info.plist"; sourceTree = "<group>"; };
		C9FD3B3D186BA7FB0063FAB8 /* en */ = {isa = PBXFileReference; lastKnownFileType = text.plist.strings; name = en; path = en.lproj/InfoPlist.strings; sourceTree = "<group>"; };
		C9FD3B3F186BA7FB0063FAB8 /* main.m */ = {isa = PBXFileReference; lastKnownFileType = sourcecode.c.objc; path = main.m; sourceTree = "<group>"; };
		C9FD3B41186BA7FB0063FAB8 /* PhotoThumbnail-Prefix.pch */ = {isa = PBXFileReference; lastKnownFileType = sourcecode.c.h; path = "PhotoThumbnail-Prefix.pch"; sourceTree = "<group>"; };
		C9FD3B42186BA7FB0063FAB8 /* MTZAppDelegate.h */ = {isa = PBXFileReference; lastKnownFileType = sourcecode.c.h; path = MTZAppDelegate.h; sourceTree = "<group>"; };
		C9FD3B43186BA7FB0063FAB8 /* MTZAppDelegate.m */ = {isa = PBXFileReference; lastKnownFileType = sourcecode.c.objc; path = MTZAppDelegate.m; sourceTree = "<group>"; };
		C9FD3B46186BA7FB0063FAB8 /* Base */ = {isa = PBXFileReference; lastKnownFileType = file.storyboard; name = Base; path = Base.lproj/Main_iPhone.storyboard; sourceTree = "<group>"; };
		C9FD3B49186BA7FB0063FAB8 /* Base */ = {isa = PBXFileReference; lastKnownFileType = file.storyboard; name = Base; path = Base.lproj/Main_iPad.storyboard; sourceTree = "<group>"; };
		C9FD3B4B186BA7FB0063FAB8 /* MTZViewController.h */ = {isa = PBXFileReference; lastKnownFileType = sourcecode.c.h; path = MTZViewController.h; sourceTree = "<group>"; };
		C9FD3B4C186BA7FB0063FAB8 /* MTZViewController.m */ = {isa = PBXFileReference; lastKnownFileType = sourcecode.c.objc; path = MTZViewController.m; sourceTree = "<group>"; };
		C9FD3B4E186BA7FB0063FAB8 /* Images.xcassets */ = {isa = PBXFileReference; lastKnownFileType = folder.assetcatalog; path = Images.xcassets; sourceTree = "<group>"; };
		C9FD3B54186BA7FB0063FAB8 /* PhotoThumbnailTests.xctest */ = {isa = PBXFileReference; explicitFileType = wrapper.cfbundle; includeInIndex = 0; path = PhotoThumbnailTests.xctest; sourceTree = BUILT_PRODUCTS_DIR; };
		C9FD3B55186BA7FB0063FAB8 /* XCTest.framework */ = {isa = PBXFileReference; lastKnownFileType = wrapper.framework; name = XCTest.framework; path = Library/Frameworks/XCTest.framework; sourceTree = DEVELOPER_DIR; };
		C9FD3B5D186BA7FC0063FAB8 /* PhotoThumbnailTests-Info.plist */ = {isa = PBXFileReference; lastKnownFileType = text.plist.xml; path = "PhotoThumbnailTests-Info.plist"; sourceTree = "<group>"; };
		C9FD3B5F186BA7FC0063FAB8 /* en */ = {isa = PBXFileReference; lastKnownFileType = text.plist.strings; name = en; path = en.lproj/InfoPlist.strings; sourceTree = "<group>"; };
		C9FD3B61186BA7FC0063FAB8 /* PhotoThumbnailTests.m */ = {isa = PBXFileReference; lastKnownFileType = sourcecode.c.objc; path = PhotoThumbnailTests.m; sourceTree = "<group>"; };
		C9FD3B82186C0D3E0063FAB8 /* ImageIO.framework */ = {isa = PBXFileReference; lastKnownFileType = wrapper.framework; name = ImageIO.framework; path = System/Library/Frameworks/ImageIO.framework; sourceTree = SDKROOT; };
		C9FD3B8A186D13340063FAB8 /* CoreImage.framework */ = {isa = PBXFileReference; lastKnownFileType = wrapper.framework; name = CoreImage.framework; path = System/Library/Frameworks/CoreImage.framework; sourceTree = SDKROOT; };
		C9FD3B8C186D13B00063FAB8 /* QuartzCore.framework */ = {isa = PBXFileReference; lastKnownFileType = wrapper.framework; name = QuartzCore.framework; path = System/Library/Frameworks/QuartzCore.framework; sourceTree = SDKROOT; };
/* End PBXFileReference section */

/* Begin PBXFrameworksBuildPhase section */
		C9FD3B2D186BA7FB0063FAB8 /* Frameworks */ = {
			isa = PBXFrameworksBuildPhase;
			buildActionMask = 2147483647;
			files = (
				C9FD3B8D186D13B00063FAB8 /* QuartzCore.framework in Frameworks */,
				C9FD3B8B186D13340063FAB8 /* CoreImage.framework in Frameworks */,
				C9FD3B83186C0D3E0063FAB8 /* ImageIO.framework in Frameworks */,
				C9FD3B36186BA7FB0063FAB8 /* CoreGraphics.framework in Frameworks */,
				C9FD3B38186BA7FB0063FAB8 /* UIKit.framework in Frameworks */,
				C9FD3B34186BA7FB0063FAB8 /* Foundation.framework in Frameworks */,
			);
			runOnlyForDeploymentPostprocessing = 0;
		};
		C9FD3B51186BA7FB0063FAB8 /* Frameworks */ = {
			isa = PBXFrameworksBuildPhase;
			buildActionMask = 2147483647;
			files = (
				C9FD3B56186BA7FB0063FAB8 /* XCTest.framework in Frameworks */,
				C9FD3B58186BA7FB0063FAB8 /* UIKit.framework in Frameworks */,
				C9FD3B57186BA7FB0063FAB8 /* Foundation.framework in Frameworks */,
			);
			runOnlyForDeploymentPostprocessing = 0;
		};
/* End PBXFrameworksBuildPhase section */

/* Begin PBXGroup section */
		C9C8B7E718FF0CC3008D8E03 /* Action Sheets and Alert Views */ = {
			isa = PBXGroup;
			children = (
				C9C8B7E818FF0CC3008D8E03 /* MTZActionSheet.h */,
				C9C8B7E918FF0CC3008D8E03 /* MTZActionSheet.m */,
				C9C8B7EA18FF0CC3008D8E03 /* MTZAlertView.h */,
				C9C8B7EB18FF0CC3008D8E03 /* MTZAlertView.m */,
				C9C8B7EC18FF0CC3008D8E03 /* UIActionSheet+DelegateFix.h */,
				C9C8B7ED18FF0CC3008D8E03 /* UIActionSheet+DelegateFix.m */,
				C9C8B7EE18FF0CC3008D8E03 /* UIAlertView+DelegateFix.h */,
				C9C8B7EF18FF0CC3008D8E03 /* UIAlertView+DelegateFix.m */,
			);
			path = "Action Sheets and Alert Views";
			sourceTree = "<group>";
		};
		C9C8B7F418FF0E00008D8E03 /* Source */ = {
			isa = PBXGroup;
			children = (
				C9C8B7F518FF0E00008D8E03 /* CGAspectRatio.h */,
				C9C8B7F618FF0E00008D8E03 /* CGAspectRatio.m */,
				C9C8B7F718FF0E00008D8E03 /* CGRectManipulation.h */,
				C9C8B7F818FF0E00008D8E03 /* CGRectManipulation.m */,
				C9C8B7F918FF0E00008D8E03 /* UIImage+AppropriateCrop.h */,
				C9C8B7FA18FF0E00008D8E03 /* UIImage+AppropriateCrop.m */,
				C9C8B7FB18FF0E00008D8E03 /* UIImage+Crop.h */,
				C9C8B7FC18FF0E00008D8E03 /* UIImage+Crop.m */,
			);
			name = Source;
			path = ../../../Source;
			sourceTree = "<group>";
		};
		C9FD3B27186BA7FB0063FAB8 = {
			isa = PBXGroup;
			children = (
				C9FD3B39186BA7FB0063FAB8 /* PhotoThumbnail */,
				C9FD3B5B186BA7FB0063FAB8 /* PhotoThumbnailTests */,
				C9FD3B32186BA7FB0063FAB8 /* Frameworks */,
				C9FD3B31186BA7FB0063FAB8 /* Products */,
			);
			sourceTree = "<group>";
		};
		C9FD3B31186BA7FB0063FAB8 /* Products */ = {
			isa = PBXGroup;
			children = (
				C9FD3B30186BA7FB0063FAB8 /* Photos.app */,
				C9FD3B54186BA7FB0063FAB8 /* PhotoThumbnailTests.xctest */,
			);
			name = Products;
			sourceTree = "<group>";
		};
		C9FD3B32186BA7FB0063FAB8 /* Frameworks */ = {
			isa = PBXGroup;
			children = (
				C9FD3B8C186D13B00063FAB8 /* QuartzCore.framework */,
				C9FD3B8A186D13340063FAB8 /* CoreImage.framework */,
				C9FD3B82186C0D3E0063FAB8 /* ImageIO.framework */,
				C9FD3B33186BA7FB0063FAB8 /* Foundation.framework */,
				C9FD3B35186BA7FB0063FAB8 /* CoreGraphics.framework */,
				C9FD3B37186BA7FB0063FAB8 /* UIKit.framework */,
				C9FD3B55186BA7FB0063FAB8 /* XCTest.framework */,
			);
			name = Frameworks;
			sourceTree = "<group>";
		};
		C9FD3B39186BA7FB0063FAB8 /* PhotoThumbnail */ = {
			isa = PBXGroup;
			children = (
				C9FD3B42186BA7FB0063FAB8 /* MTZAppDelegate.h */,
				C9FD3B43186BA7FB0063FAB8 /* MTZAppDelegate.m */,
				C9FD3B45186BA7FB0063FAB8 /* Main_iPhone.storyboard */,
				C9FD3B48186BA7FB0063FAB8 /* Main_iPad.storyboard */,
				C9FD3B4B186BA7FB0063FAB8 /* MTZViewController.h */,
				C9FD3B4C186BA7FB0063FAB8 /* MTZViewController.m */,
				C9FD3B4E186BA7FB0063FAB8 /* Images.xcassets */,
				C9C8B7F418FF0E00008D8E03 /* Source */,
				C9C8B7E718FF0CC3008D8E03 /* Action Sheets and Alert Views */,
				C9FD3B3A186BA7FB0063FAB8 /* Supporting Files */,
			);
			path = PhotoThumbnail;
			sourceTree = "<group>";
		};
		C9FD3B3A186BA7FB0063FAB8 /* Supporting Files */ = {
			isa = PBXGroup;
			children = (
				C9FD3B3B186BA7FB0063FAB8 /* PhotoThumbnail-Info.plist */,
				C9FD3B3C186BA7FB0063FAB8 /* InfoPlist.strings */,
				C9FD3B3F186BA7FB0063FAB8 /* main.m */,
				C9FD3B41186BA7FB0063FAB8 /* PhotoThumbnail-Prefix.pch */,
			);
			name = "Supporting Files";
			sourceTree = "<group>";
		};
		C9FD3B5B186BA7FB0063FAB8 /* PhotoThumbnailTests */ = {
			isa = PBXGroup;
			children = (
				C9FD3B61186BA7FC0063FAB8 /* PhotoThumbnailTests.m */,
				C9FD3B5C186BA7FC0063FAB8 /* Supporting Files */,
			);
			path = PhotoThumbnailTests;
			sourceTree = "<group>";
		};
		C9FD3B5C186BA7FC0063FAB8 /* Supporting Files */ = {
			isa = PBXGroup;
			children = (
				C9FD3B5D186BA7FC0063FAB8 /* PhotoThumbnailTests-Info.plist */,
				C9FD3B5E186BA7FC0063FAB8 /* InfoPlist.strings */,
			);
			name = "Supporting Files";
			sourceTree = "<group>";
		};
/* End PBXGroup section */

/* Begin PBXNativeTarget section */
		C9FD3B2F186BA7FB0063FAB8 /* PhotoThumbnail */ = {
			isa = PBXNativeTarget;
			buildConfigurationList = C9FD3B65186BA7FC0063FAB8 /* Build configuration list for PBXNativeTarget "PhotoThumbnail" */;
			buildPhases = (
				C9FD3B2C186BA7FB0063FAB8 /* Sources */,
				C9FD3B2D186BA7FB0063FAB8 /* Frameworks */,
				C9FD3B2E186BA7FB0063FAB8 /* Resources */,
			);
			buildRules = (
			);
			dependencies = (
			);
			name = PhotoThumbnail;
			productName = PhotoThumbnail;
			productReference = C9FD3B30186BA7FB0063FAB8 /* Photos.app */;
			productType = "com.apple.product-type.application";
		};
		C9FD3B53186BA7FB0063FAB8 /* PhotoThumbnailTests */ = {
			isa = PBXNativeTarget;
			buildConfigurationList = C9FD3B68186BA7FC0063FAB8 /* Build configuration list for PBXNativeTarget "PhotoThumbnailTests" */;
			buildPhases = (
				C9FD3B50186BA7FB0063FAB8 /* Sources */,
				C9FD3B51186BA7FB0063FAB8 /* Frameworks */,
				C9FD3B52186BA7FB0063FAB8 /* Resources */,
			);
			buildRules = (
			);
			dependencies = (
				C9FD3B5A186BA7FB0063FAB8 /* PBXTargetDependency */,
			);
			name = PhotoThumbnailTests;
			productName = PhotoThumbnailTests;
			productReference = C9FD3B54186BA7FB0063FAB8 /* PhotoThumbnailTests.xctest */;
			productType = "com.apple.product-type.bundle.unit-test";
		};
/* End PBXNativeTarget section */

/* Begin PBXProject section */
		C9FD3B28186BA7FB0063FAB8 /* Project object */ = {
			isa = PBXProject;
			attributes = {
				CLASSPREFIX = MTZ;
				LastUpgradeCheck = 0510;
				ORGANIZATIONNAME = "Matt Zanchelli";
				TargetAttributes = {
					C9FD3B53186BA7FB0063FAB8 = {
						TestTargetID = C9FD3B2F186BA7FB0063FAB8;
					};
				};
			};
			buildConfigurationList = C9FD3B2B186BA7FB0063FAB8 /* Build configuration list for PBXProject "PhotoThumbnail" */;
			compatibilityVersion = "Xcode 3.2";
			developmentRegion = English;
			hasScannedForEncodings = 0;
			knownRegions = (
				en,
				Base,
			);
			mainGroup = C9FD3B27186BA7FB0063FAB8;
			productRefGroup = C9FD3B31186BA7FB0063FAB8 /* Products */;
			projectDirPath = "";
			projectRoot = "";
			targets = (
				C9FD3B2F186BA7FB0063FAB8 /* PhotoThumbnail */,
				C9FD3B53186BA7FB0063FAB8 /* PhotoThumbnailTests */,
			);
		};
/* End PBXProject section */

/* Begin PBXResourcesBuildPhase section */
		C9FD3B2E186BA7FB0063FAB8 /* Resources */ = {
			isa = PBXResourcesBuildPhase;
			buildActionMask = 2147483647;
			files = (
				C9FD3B4A186BA7FB0063FAB8 /* Main_iPad.storyboard in Resources */,
				C9FD3B4F186BA7FB0063FAB8 /* Images.xcassets in Resources */,
				C9FD3B47186BA7FB0063FAB8 /* Main_iPhone.storyboard in Resources */,
				C9FD3B3E186BA7FB0063FAB8 /* InfoPlist.strings in Resources */,
			);
			runOnlyForDeploymentPostprocessing = 0;
		};
		C9FD3B52186BA7FB0063FAB8 /* Resources */ = {
			isa = PBXResourcesBuildPhase;
			buildActionMask = 2147483647;
			files = (
				C9FD3B60186BA7FC0063FAB8 /* InfoPlist.strings in Resources */,
			);
			runOnlyForDeploymentPostprocessing = 0;
		};
/* End PBXResourcesBuildPhase section */

/* Begin PBXSourcesBuildPhase section */
		C9FD3B2C186BA7FB0063FAB8 /* Sources */ = {
			isa = PBXSourcesBuildPhase;
			buildActionMask = 2147483647;
			files = (
				C9C8B7F318FF0CC3008D8E03 /* UIAlertView+DelegateFix.m in Sources */,
				C9C8B7F118FF0CC3008D8E03 /* MTZAlertView.m in Sources */,
				C9FD3B44186BA7FB0063FAB8 /* MTZAppDelegate.m in Sources */,
				C9C8B7FF18FF0E00008D8E03 /* UIImage+AppropriateCrop.m in Sources */,
				C9C8B80018FF0E00008D8E03 /* UIImage+Crop.m in Sources */,
				C9C8B7FD18FF0E00008D8E03 /* CGAspectRatio.m in Sources */,
				C9C8B7F218FF0CC3008D8E03 /* UIActionSheet+DelegateFix.m in Sources */,
				C9C8B7FE18FF0E00008D8E03 /* CGRectManipulation.m in Sources */,
				C9FD3B40186BA7FB0063FAB8 /* main.m in Sources */,
				C9C8B7F018FF0CC3008D8E03 /* MTZActionSheet.m in Sources */,
				C9FD3B4D186BA7FB0063FAB8 /* MTZViewController.m in Sources */,
			);
			runOnlyForDeploymentPostprocessing = 0;
		};
		C9FD3B50186BA7FB0063FAB8 /* Sources */ = {
			isa = PBXSourcesBuildPhase;
			buildActionMask = 2147483647;
			files = (
				C9FD3B62186BA7FC0063FAB8 /* PhotoThumbnailTests.m in Sources */,
			);
			runOnlyForDeploymentPostprocessing = 0;
		};
/* End PBXSourcesBuildPhase section */

/* Begin PBXTargetDependency section */
		C9FD3B5A186BA7FB0063FAB8 /* PBXTargetDependency */ = {
			isa = PBXTargetDependency;
			target = C9FD3B2F186BA7FB0063FAB8 /* PhotoThumbnail */;
			targetProxy = C9FD3B59186BA7FB0063FAB8 /* PBXContainerItemProxy */;
		};
/* End PBXTargetDependency section */

/* Begin PBXVariantGroup section */
		C9FD3B3C186BA7FB0063FAB8 /* InfoPlist.strings */ = {
			isa = PBXVariantGroup;
			children = (
				C9FD3B3D186BA7FB0063FAB8 /* en */,
			);
			name = InfoPlist.strings;
			sourceTree = "<group>";
		};
		C9FD3B45186BA7FB0063FAB8 /* Main_iPhone.storyboard */ = {
			isa = PBXVariantGroup;
			children = (
				C9FD3B46186BA7FB0063FAB8 /* Base */,
			);
			name = Main_iPhone.storyboard;
			sourceTree = "<group>";
		};
		C9FD3B48186BA7FB0063FAB8 /* Main_iPad.storyboard */ = {
			isa = PBXVariantGroup;
			children = (
				C9FD3B49186BA7FB0063FAB8 /* Base */,
			);
			name = Main_iPad.storyboard;
			sourceTree = "<group>";
		};
		C9FD3B5E186BA7FC0063FAB8 /* InfoPlist.strings */ = {
			isa = PBXVariantGroup;
			children = (
				C9FD3B5F186BA7FC0063FAB8 /* en */,
			);
			name = InfoPlist.strings;
			sourceTree = "<group>";
		};
/* End PBXVariantGroup section */

/* Begin XCBuildConfiguration section */
		C9FD3B63186BA7FC0063FAB8 /* Debug */ = {
			isa = XCBuildConfiguration;
			buildSettings = {
				ALWAYS_SEARCH_USER_PATHS = NO;
				ARCHS = "$(ARCHS_STANDARD_INCLUDING_64_BIT)";
				CLANG_CXX_LANGUAGE_STANDARD = "gnu++0x";
				CLANG_CXX_LIBRARY = "libc++";
				CLANG_ENABLE_MODULES = YES;
				CLANG_ENABLE_OBJC_ARC = YES;
				CLANG_WARN_BOOL_CONVERSION = YES;
				CLANG_WARN_CONSTANT_CONVERSION = YES;
				CLANG_WARN_DIRECT_OBJC_ISA_USAGE = YES_ERROR;
				CLANG_WARN_EMPTY_BODY = YES;
				CLANG_WARN_ENUM_CONVERSION = YES;
				CLANG_WARN_INT_CONVERSION = YES;
				CLANG_WARN_OBJC_ROOT_CLASS = YES_ERROR;
				CLANG_WARN__DUPLICATE_METHOD_MATCH = YES;
				"CODE_SIGN_IDENTITY[sdk=iphoneos*]" = "iPhone Developer";
				COPY_PHASE_STRIP = NO;
				GCC_C_LANGUAGE_STANDARD = gnu99;
				GCC_DYNAMIC_NO_PIC = NO;
				GCC_OPTIMIZATION_LEVEL = 0;
				GCC_PREPROCESSOR_DEFINITIONS = (
					"DEBUG=1",
					"$(inherited)",
				);
				GCC_SYMBOLS_PRIVATE_EXTERN = NO;
				GCC_WARN_64_TO_32_BIT_CONVERSION = YES;
				GCC_WARN_ABOUT_RETURN_TYPE = YES_ERROR;
				GCC_WARN_UNDECLARED_SELECTOR = YES;
				GCC_WARN_UNINITIALIZED_AUTOS = YES_AGGRESSIVE;
				GCC_WARN_UNUSED_FUNCTION = YES;
				GCC_WARN_UNUSED_VARIABLE = YES;
				IPHONEOS_DEPLOYMENT_TARGET = 7.1;
				ONLY_ACTIVE_ARCH = YES;
				SDKROOT = iphoneos;
				TARGETED_DEVICE_FAMILY = "1,2";
			};
			name = Debug;
		};
		C9FD3B64186BA7FC0063FAB8 /* Release */ = {
			isa = XCBuildConfiguration;
			buildSettings = {
				ALWAYS_SEARCH_USER_PATHS = NO;
				ARCHS = "$(ARCHS_STANDARD_INCLUDING_64_BIT)";
				CLANG_CXX_LANGUAGE_STANDARD = "gnu++0x";
				CLANG_CXX_LIBRARY = "libc++";
				CLANG_ENABLE_MODULES = YES;
				CLANG_ENABLE_OBJC_ARC = YES;
				CLANG_WARN_BOOL_CONVERSION = YES;
				CLANG_WARN_CONSTANT_CONVERSION = YES;
				CLANG_WARN_DIRECT_OBJC_ISA_USAGE = YES_ERROR;
				CLANG_WARN_EMPTY_BODY = YES;
				CLANG_WARN_ENUM_CONVERSION = YES;
				CLANG_WARN_INT_CONVERSION = YES;
				CLANG_WARN_OBJC_ROOT_CLASS = YES_ERROR;
				CLANG_WARN__DUPLICATE_METHOD_MATCH = YES;
				"CODE_SIGN_IDENTITY[sdk=iphoneos*]" = "iPhone Developer";
				COPY_PHASE_STRIP = YES;
				ENABLE_NS_ASSERTIONS = NO;
				GCC_C_LANGUAGE_STANDARD = gnu99;
				GCC_WARN_64_TO_32_BIT_CONVERSION = YES;
				GCC_WARN_ABOUT_RETURN_TYPE = YES_ERROR;
				GCC_WARN_UNDECLARED_SELECTOR = YES;
				GCC_WARN_UNINITIALIZED_AUTOS = YES_AGGRESSIVE;
				GCC_WARN_UNUSED_FUNCTION = YES;
				GCC_WARN_UNUSED_VARIABLE = YES;
				IPHONEOS_DEPLOYMENT_TARGET = 7.1;
				SDKROOT = iphoneos;
				TARGETED_DEVICE_FAMILY = "1,2";
				VALIDATE_PRODUCT = YES;
			};
			name = Release;
		};
		C9FD3B66186BA7FC0063FAB8 /* Debug */ = {
			isa = XCBuildConfiguration;
			buildSettings = {
				ASSETCATALOG_COMPILER_APPICON_NAME = AppIcon;
				ASSETCATALOG_COMPILER_LAUNCHIMAGE_NAME = LaunchImage;
				GCC_PRECOMPILE_PREFIX_HEADER = YES;
				GCC_PREFIX_HEADER = "PhotoThumbnail/PhotoThumbnail-Prefix.pch";
				INFOPLIST_FILE = "PhotoThumbnail/PhotoThumbnail-Info.plist";
				PRODUCT_NAME = Photos;
				WRAPPER_EXTENSION = app;
			};
			name = Debug;
		};
		C9FD3B67186BA7FC0063FAB8 /* Release */ = {
			isa = XCBuildConfiguration;
			buildSettings = {
				ASSETCATALOG_COMPILER_APPICON_NAME = AppIcon;
				ASSETCATALOG_COMPILER_LAUNCHIMAGE_NAME = LaunchImage;
				GCC_PRECOMPILE_PREFIX_HEADER = YES;
				GCC_PREFIX_HEADER = "PhotoThumbnail/PhotoThumbnail-Prefix.pch";
				INFOPLIST_FILE = "PhotoThumbnail/PhotoThumbnail-Info.plist";
				PRODUCT_NAME = Photos;
				WRAPPER_EXTENSION = app;
			};
			name = Release;
		};
		C9FD3B69186BA7FC0063FAB8 /* Debug */ = {
			isa = XCBuildConfiguration;
			buildSettings = {
				ARCHS = "$(ARCHS_STANDARD_INCLUDING_64_BIT)";
				BUNDLE_LOADER = "$(BUILT_PRODUCTS_DIR)/PhotoThumbnail.app/PhotoThumbnail";
				FRAMEWORK_SEARCH_PATHS = (
					"$(SDKROOT)/Developer/Library/Frameworks",
					"$(inherited)",
					"$(DEVELOPER_FRAMEWORKS_DIR)",
				);
				GCC_PRECOMPILE_PREFIX_HEADER = YES;
				GCC_PREFIX_HEADER = "PhotoThumbnail/PhotoThumbnail-Prefix.pch";
				GCC_PREPROCESSOR_DEFINITIONS = (
					"DEBUG=1",
					"$(inherited)",
				);
				INFOPLIST_FILE = "PhotoThumbnailTests/PhotoThumbnailTests-Info.plist";
				PRODUCT_NAME = "$(TARGET_NAME)";
				TEST_HOST = "$(BUNDLE_LOADER)";
				WRAPPER_EXTENSION = xctest;
			};
			name = Debug;
		};
		C9FD3B6A186BA7FC0063FAB8 /* Release */ = {
			isa = XCBuildConfiguration;
			buildSettings = {
				ARCHS = "$(ARCHS_STANDARD_INCLUDING_64_BIT)";
				BUNDLE_LOADER = "$(BUILT_PRODUCTS_DIR)/PhotoThumbnail.app/PhotoThumbnail";
				FRAMEWORK_SEARCH_PATHS = (
					"$(SDKROOT)/Developer/Library/Frameworks",
					"$(inherited)",
					"$(DEVELOPER_FRAMEWORKS_DIR)",
				);
				GCC_PRECOMPILE_PREFIX_HEADER = YES;
				GCC_PREFIX_HEADER = "PhotoThumbnail/PhotoThumbnail-Prefix.pch";
				INFOPLIST_FILE = "PhotoThumbnailTests/PhotoThumbnailTests-Info.plist";
				PRODUCT_NAME = "$(TARGET_NAME)";
				TEST_HOST = "$(BUNDLE_LOADER)";
				WRAPPER_EXTENSION = xctest;
			};
			name = Release;
		};
/* End XCBuildConfiguration section */

/* Begin XCConfigurationList section */
		C9FD3B2B186BA7FB0063FAB8 /* Build configuration list for PBXProject "PhotoThumbnail" */ = {
			isa = XCConfigurationList;
			buildConfigurations = (
				C9FD3B63186BA7FC0063FAB8 /* Debug */,
				C9FD3B64186BA7FC0063FAB8 /* Release */,
			);
			defaultConfigurationIsVisible = 0;
			defaultConfigurationName = Release;
		};
		C9FD3B65186BA7FC0063FAB8 /* Build configuration list for PBXNativeTarget "PhotoThumbnail" */ = {
			isa = XCConfigurationList;
			buildConfigurations = (
				C9FD3B66186BA7FC0063FAB8 /* Debug */,
				C9FD3B67186BA7FC0063FAB8 /* Release */,
			);
			defaultConfigurationIsVisible = 0;
			defaultConfigurationName = Release;
		};
		C9FD3B68186BA7FC0063FAB8 /* Build configuration list for PBXNativeTarget "PhotoThumbnailTests" */ = {
			isa = XCConfigurationList;
			buildConfigurations = (
				C9FD3B69186BA7FC0063FAB8 /* Debug */,
				C9FD3B6A186BA7FC0063FAB8 /* Release */,
			);
			defaultConfigurationIsVisible = 0;
			defaultConfigurationName = Release;
		};
/* End XCConfigurationList section */
	};
	rootObject = C9FD3B28186BA7FB0063FAB8 /* Project object */;
}
